{
  "name": "@rbxts/message-template",
  "version": "1.0.0",
  "lockfileVersion": 1,
  "requires": true,
  "dependencies": {
    "@rbxts/compiler-types": {
      "version": "1.1.1-types.3",
      "resolved": "https://registry.npmjs.org/@rbxts/compiler-types/-/compiler-types-1.1.1-types.3.tgz",
      "integrity": "sha512-jTY9zvwALZOgbfQX6nKazV3clsYds2kO5BIb7KQw7nNq3cibhs0aO8Zy0ePr86IVhZfPe3eQLiioROuOY2y/1g==",
      "dev": true
    },
    "@rbxts/types": {
      "version": "1.0.496",
      "resolved": "https://registry.npmjs.org/@rbxts/types/-/types-1.0.496.tgz",
      "integrity": "sha512-ZYPsIEhoDVqZHedeMY/YJPq9IG7IqZ2oSVfVheADlR8frYuhzZivKDYm7whaW895FrdYXIEVXTtRSPiUruOzNw==",
      "dev": true
    }
  }
}
